
Microsoft Visual Studio Solution File, Format Version 12.00
# Visual Studio 15
VisualStudioVersion = 15.0.28010.2019
MinimumVisualStudioVersion = 10.0.40219.1
Project("{FAE04EC0-301F-11D3-BF4B-00C04F79EFBC}") = "OSM", "OSM\OSM.csproj", "{60BD1475-AF3E-4720-8275-7B7316BDDD24}"
EndProject
Global
	GlobalSection(SolutionConfigurationPlatforms) = preSolution
		Debug|Any CPU = Debug|Any CPU
		Release|Any CPU = Release|Any CPU
	EndGlobalSection
	GlobalSection(ProjectConfigurationPlatforms) = postSolution
		{60BD1475-AF3E-4720-8275-7B7316BDDD24}.Debug|Any CPU.ActiveCfg = Debug|Any CPU
		{60BD1475-AF3E-4720-8275-7B7316BDDD24}.Debug|Any CPU.Build.0 = Debug|Any CPU
		{60BD1475-AF3E-4720-8275-7B7316BDDD24}.Release|Any CPU.ActiveCfg = Release|Any CPU
		{60BD1475-AF3E-4720-8275-7B7316BDDD24}.Release|Any CPU.Build.0 = Release|Any CPU
	EndGlobalSection
	GlobalSection(SolutionProperties) = preSolution
		HideSolutionNode = FALSE
	EndGlobalSection
	GlobalSection(ExtensibilityGlobals) = postSolution
		SolutionGuid = {10AB4465-3833-469A-9B18-518E8A1CCFC9}
	EndGlobalSection
EndGlobal
